
Microsoft Visual Studio Solution File, Format Version 12.00
# Visual Studio Version 17
VisualStudioVersion = 17.10.34916.146
MinimumVisualStudioVersion = 10.0.40219.1
Project("{FAE04EC0-301F-11D3-BF4B-00C04F79EFBC}") = "CueMarketAPI", "CueMarketAPI\CueMarketAPI.csproj", "{1A0A8DF8-1F14-4656-AC9C-6D2B84935195}"
EndProject
Global
	GlobalSection(SolutionConfigurationPlatforms) = preSolution
		Debug|Any CPU = Debug|Any CPU
		Release|Any CPU = Release|Any CPU
	EndGlobalSection
	GlobalSection(ProjectConfigurationPlatforms) = postSolution
		{1A0A8DF8-1F14-4656-AC9C-6D2B84935195}.Debug|Any CPU.ActiveCfg = Debug|Any CPU
		{1A0A8DF8-1F14-4656-AC9C-6D2B84935195}.Debug|Any CPU.Build.0 = Debug|Any CPU
		{1A0A8DF8-1F14-4656-AC9C-6D2B84935195}.Release|Any CPU.ActiveCfg = Release|Any CPU
		{1A0A8DF8-1F14-4656-AC9C-6D2B84935195}.Release|Any CPU.Build.0 = Release|Any CPU
	EndGlobalSection
	GlobalSection(SolutionProperties) = preSolution
		HideSolutionNode = FALSE
	EndGlobalSection
	GlobalSection(ExtensibilityGlobals) = postSolution
		SolutionGuid = {B8D86C02-B88F-439C-8E0E-EF7E618D8322}
	EndGlobalSection
EndGlobal
